
Microsoft Visual Studio Solution File, Format Version 12.00
# Visual Studio Version 17
VisualStudioVersion = 17.11.35327.3
MinimumVisualStudioVersion = 10.0.40219.1
Project("{9A19103F-16F7-4668-BE54-9A1E7A4F7556}") = "DagaServer", "..\Server\DagaServer\DagaServer.csproj", "{AB4E0126-FAC4-4518-AA85-D246B823676B}"
EndProject
Project("{9A19103F-16F7-4668-BE54-9A1E7A4F7556}") = "DagaClient", "..\Client\DagaClient\DagaClient.csproj", "{B565BA85-4789-4233-81CE-78688605C2E7}"
EndProject
Global
	GlobalSection(SolutionConfigurationPlatforms) = preSolution
		Debug|Any CPU = Debug|Any CPU
		Release|Any CPU = Release|Any CPU
	EndGlobalSection
	GlobalSection(ProjectConfigurationPlatforms) = postSolution
		{AB4E0126-FAC4-4518-AA85-D246B823676B}.Debug|Any CPU.ActiveCfg = Debug|Any CPU
		{AB4E0126-FAC4-4518-AA85-D246B823676B}.Debug|Any CPU.Build.0 = Debug|Any CPU
		{AB4E0126-FAC4-4518-AA85-D246B823676B}.Release|Any CPU.ActiveCfg = Release|Any CPU
		{AB4E0126-FAC4-4518-AA85-D246B823676B}.Release|Any CPU.Build.0 = Release|Any CPU
		{B565BA85-4789-4233-81CE-78688605C2E7}.Debug|Any CPU.ActiveCfg = Debug|Any CPU
		{B565BA85-4789-4233-81CE-78688605C2E7}.Debug|Any CPU.Build.0 = Debug|Any CPU
		{B565BA85-4789-4233-81CE-78688605C2E7}.Release|Any CPU.ActiveCfg = Release|Any CPU
		{B565BA85-4789-4233-81CE-78688605C2E7}.Release|Any CPU.Build.0 = Release|Any CPU
	EndGlobalSection
	GlobalSection(SolutionProperties) = preSolution
		HideSolutionNode = FALSE
	EndGlobalSection
	GlobalSection(ExtensibilityGlobals) = postSolution
		SolutionGuid = {2D4FAF71-646F-4CCF-9C53-7B8D0AAE0D7E}
	EndGlobalSection
EndGlobal
