
Microsoft Visual Studio Solution File, Format Version 12.00
# Visual Studio Version 17
VisualStudioVersion = 17.13.35818.85
MinimumVisualStudioVersion = 10.0.40219.1
Project("{FAE04EC0-301F-11D3-BF4B-00C04F79EFBC}") = "DagaDataTable", "DagaDataTable\DagaDataTable.csproj", "{3CF89FDE-7E5F-4C1D-9490-47905F753BFA}"
EndProject
Global
	GlobalSection(SolutionConfigurationPlatforms) = preSolution
		Debug|Any CPU = Debug|Any CPU
		Release|Any CPU = Release|Any CPU
	EndGlobalSection
	GlobalSection(ProjectConfigurationPlatforms) = postSolution
		{3CF89FDE-7E5F-4C1D-9490-47905F753BFA}.Debug|Any CPU.ActiveCfg = Debug|Any CPU
		{3CF89FDE-7E5F-4C1D-9490-47905F753BFA}.Debug|Any CPU.Build.0 = Debug|Any CPU
		{3CF89FDE-7E5F-4C1D-9490-47905F753BFA}.Release|Any CPU.ActiveCfg = Release|Any CPU
		{3CF89FDE-7E5F-4C1D-9490-47905F753BFA}.Release|Any CPU.Build.0 = Release|Any CPU
	EndGlobalSection
	GlobalSection(SolutionProperties) = preSolution
		HideSolutionNode = FALSE
	EndGlobalSection
	GlobalSection(ExtensibilityGlobals) = postSolution
		SolutionGuid = {F8A97B10-B52E-4FB9-9AB0-17F529F8917C}
	EndGlobalSection
EndGlobal
