
Microsoft Visual Studio Solution File, Format Version 12.00
# Visual Studio Version 17
VisualStudioVersion = 17.13.35931.197
MinimumVisualStudioVersion = 10.0.40219.1
Project("{FAE04EC0-301F-11D3-BF4B-00C04F79EFBC}") = "DagaEngine", "DagaEngine\DagaEngine.csproj", "{C33049A4-8938-452E-B9E5-BB1A1329413F}"
EndProject
Project("{FAE04EC0-301F-11D3-BF4B-00C04F79EFBC}") = "ConsoleApp1", "ConsoleApp1\ConsoleApp1.csproj", "{E9222AC1-96BA-489D-91F9-634C7587E458}"
EndProject
Global
	GlobalSection(SolutionConfigurationPlatforms) = preSolution
		Debug|Any CPU = Debug|Any CPU
		Release|Any CPU = Release|Any CPU
	EndGlobalSection
	GlobalSection(ProjectConfigurationPlatforms) = postSolution
		{C33049A4-8938-452E-B9E5-BB1A1329413F}.Debug|Any CPU.ActiveCfg = Debug|Any CPU
		{C33049A4-8938-452E-B9E5-BB1A1329413F}.Debug|Any CPU.Build.0 = Debug|Any CPU
		{C33049A4-8938-452E-B9E5-BB1A1329413F}.Release|Any CPU.ActiveCfg = Release|Any CPU
		{C33049A4-8938-452E-B9E5-BB1A1329413F}.Release|Any CPU.Build.0 = Release|Any CPU
		{E9222AC1-96BA-489D-91F9-634C7587E458}.Debug|Any CPU.ActiveCfg = Debug|Any CPU
		{E9222AC1-96BA-489D-91F9-634C7587E458}.Debug|Any CPU.Build.0 = Debug|Any CPU
		{E9222AC1-96BA-489D-91F9-634C7587E458}.Release|Any CPU.ActiveCfg = Release|Any CPU
		{E9222AC1-96BA-489D-91F9-634C7587E458}.Release|Any CPU.Build.0 = Release|Any CPU
	EndGlobalSection
	GlobalSection(SolutionProperties) = preSolution
		HideSolutionNode = FALSE
	EndGlobalSection
	GlobalSection(ExtensibilityGlobals) = postSolution
		SolutionGuid = {7088A97C-EBF6-44BE-9787-F0C2AD2F13FF}
	EndGlobalSection
EndGlobal
